
Microsoft Visual Studio Solution File, Format Version 12.00
# Visual Studio Version 17
VisualStudioVersion = 17.5.33516.290
MinimumVisualStudioVersion = 10.0.40219.1
Project("{9A19103F-16F7-4668-BE54-9A1E7A4F7556}") = "TraversalRezervation", "TraversalRezervation\TraversalRezervation.csproj", "{05A93224-E887-4E6C-88C4-60A158644FAD}"
EndProject
Project("{9A19103F-16F7-4668-BE54-9A1E7A4F7556}") = "DataAccessLayer", "..\TraversalCoreProje\DataAccessLayer\DataAccessLayer.csproj", "{E6071D50-621D-4143-ADCC-308E60ABB969}"
EndProject
Project("{9A19103F-16F7-4668-BE54-9A1E7A4F7556}") = "BusinessLayer", "..\TraversalCoreProje\BusinessLayer\BusinessLayer.csproj", "{6AAB139D-933A-430D-A10D-BDEC3C217E83}"
EndProject
Project("{9A19103F-16F7-4668-BE54-9A1E7A4F7556}") = "DTO", "D:\fırat üni\yazılım proje\TraversalReservationMiniCoreProject-master\DTO\DTO.csproj", "{61411F0D-DD1D-4865-9351-2C070E218EE4}"
EndProject
Project("{9A19103F-16F7-4668-BE54-9A1E7A4F7556}") = "Entity", "D:\fırat üni\yazılım proje\TraversalReservationMiniCoreProject-master\Entity\Entity.csproj", "{84670150-C9E5-48DD-AA70-38F6DB710DA1}"
EndProject
Project("{9A19103F-16F7-4668-BE54-9A1E7A4F7556}") = "SignalRApi", "D:\fırat üni\yazılım proje\TraversalReservationMiniCoreProject-master\SignalRApi\SignalRApi.csproj", "{F3022694-F77F-49D0-A514-342E5C779C15}"
EndProject
Global
	GlobalSection(SolutionConfigurationPlatforms) = preSolution
		Debug|Any CPU = Debug|Any CPU
		Release|Any CPU = Release|Any CPU
	EndGlobalSection
	GlobalSection(ProjectConfigurationPlatforms) = postSolution
		{05A93224-E887-4E6C-88C4-60A158644FAD}.Debug|Any CPU.ActiveCfg = Debug|Any CPU
		{05A93224-E887-4E6C-88C4-60A158644FAD}.Debug|Any CPU.Build.0 = Debug|Any CPU
		{05A93224-E887-4E6C-88C4-60A158644FAD}.Release|Any CPU.ActiveCfg = Release|Any CPU
		{05A93224-E887-4E6C-88C4-60A158644FAD}.Release|Any CPU.Build.0 = Release|Any CPU
		{E6071D50-621D-4143-ADCC-308E60ABB969}.Debug|Any CPU.ActiveCfg = Debug|Any CPU
		{E6071D50-621D-4143-ADCC-308E60ABB969}.Debug|Any CPU.Build.0 = Debug|Any CPU
		{E6071D50-621D-4143-ADCC-308E60ABB969}.Release|Any CPU.ActiveCfg = Release|Any CPU
		{E6071D50-621D-4143-ADCC-308E60ABB969}.Release|Any CPU.Build.0 = Release|Any CPU
		{6AAB139D-933A-430D-A10D-BDEC3C217E83}.Debug|Any CPU.ActiveCfg = Debug|Any CPU
		{6AAB139D-933A-430D-A10D-BDEC3C217E83}.Debug|Any CPU.Build.0 = Debug|Any CPU
		{6AAB139D-933A-430D-A10D-BDEC3C217E83}.Release|Any CPU.ActiveCfg = Release|Any CPU
		{6AAB139D-933A-430D-A10D-BDEC3C217E83}.Release|Any CPU.Build.0 = Release|Any CPU
		{61411F0D-DD1D-4865-9351-2C070E218EE4}.Debug|Any CPU.ActiveCfg = Debug|Any CPU
		{61411F0D-DD1D-4865-9351-2C070E218EE4}.Debug|Any CPU.Build.0 = Debug|Any CPU
		{61411F0D-DD1D-4865-9351-2C070E218EE4}.Release|Any CPU.ActiveCfg = Release|Any CPU
		{61411F0D-DD1D-4865-9351-2C070E218EE4}.Release|Any CPU.Build.0 = Release|Any CPU
		{84670150-C9E5-48DD-AA70-38F6DB710DA1}.Debug|Any CPU.ActiveCfg = Debug|Any CPU
		{84670150-C9E5-48DD-AA70-38F6DB710DA1}.Debug|Any CPU.Build.0 = Debug|Any CPU
		{84670150-C9E5-48DD-AA70-38F6DB710DA1}.Release|Any CPU.ActiveCfg = Release|Any CPU
		{84670150-C9E5-48DD-AA70-38F6DB710DA1}.Release|Any CPU.Build.0 = Release|Any CPU
		{F3022694-F77F-49D0-A514-342E5C779C15}.Debug|Any CPU.ActiveCfg = Debug|Any CPU
		{F3022694-F77F-49D0-A514-342E5C779C15}.Debug|Any CPU.Build.0 = Debug|Any CPU
		{F3022694-F77F-49D0-A514-342E5C779C15}.Release|Any CPU.ActiveCfg = Release|Any CPU
		{F3022694-F77F-49D0-A514-342E5C779C15}.Release|Any CPU.Build.0 = Release|Any CPU
	EndGlobalSection
	GlobalSection(SolutionProperties) = preSolution
		HideSolutionNode = FALSE
	EndGlobalSection
	GlobalSection(ExtensibilityGlobals) = postSolution
		SolutionGuid = {07B33A52-B295-448B-8464-42CF8AE66736}
	EndGlobalSection
EndGlobal
